# THIS IS AN AUTOGENERATED FILE. DO NOT EDIT THIS FILE DIRECTLY.
# yarn lockfile v1


"@tweenjs/tween.js@^18.5.0":
  version "18.5.0"
  resolved "https://registry.yarnpkg.com/@tweenjs/tween.js/-/tween.js-18.5.0.tgz#f2aa9e6052c6a314d85c9a8034146f9ae6d4e339"
  integrity sha512-/qyhdvbc6vWsFuiK7Wq74ZMu1F/9sFRlBv2qnjeu70XI0HRC8zOfUqbXT2irVLCSVuCI/fI7HphGdbsbyQ/Q5w==

accessor-fn@^1.2.2:
  version "1.2.2"
  resolved "https://registry.yarnpkg.com/accessor-fn/-/accessor-fn-1.2.2.tgz#dd52c271465388b29764ab79f2222dedd11e49b2"
  integrity sha1-3VLCcUZTiLKXZKt58iIt7dEeSbI=

d3-array@1:
  version "1.2.4"
  resolved "https://registry.yarnpkg.com/d3-array/-/d3-array-1.2.4.tgz#635ce4d5eea759f6f605863dbcfc30edc737f71f"
  integrity sha512-KHW6M86R+FUPYGb3R5XiYjXPq7VzwxZ22buHhAEVG5ztoEcZZMLov530mmccaqA1GghZArjQV46fuc8kUqhhHw==

"d3-array@1.2.0 - 2":
  version "2.4.0"
  resolved "https://registry.yarnpkg.com/d3-array/-/d3-array-2.4.0.tgz#87f8b9ad11088769c82b5ea846bcb1cc9393f242"
  integrity sha512-KQ41bAF2BMakf/HdKT865ALd4cgND6VcIztVQZUTt0+BH3RWy6ZYnHghVXf6NFjt2ritLr8H1T8LreAAlfiNcw==

d3-color@1:
  version "1.4.0"
  resolved "https://registry.yarnpkg.com/d3-color/-/d3-color-1.4.0.tgz#89c45a995ed773b13314f06460df26d60ba0ecaf"
  integrity sha512-TzNPeJy2+iEepfiL92LAAB7fvnp/dV2YwANPVHdDWmYMm23qIJBYww3qT8I8C1wXrmrg4UWs7BKc2tKIgyjzHg==

d3-format@1:
  version "1.4.3"
  resolved "https://registry.yarnpkg.com/d3-format/-/d3-format-1.4.3.tgz#4e8eb4dff3fdcb891a8489ec6e698601c41b96f1"
  integrity sha512-mm/nE2Y9HgGyjP+rKIekeITVgBtX97o1nrvHCWX8F/yBYyevUTvu9vb5pUnKwrcSw7o7GuwMOWjS9gFDs4O+uQ==

d3-geo@^1.11.9:
  version "1.11.9"
  resolved "https://registry.yarnpkg.com/d3-geo/-/d3-geo-1.11.9.tgz#77eaed14ba62fc2c0aef55cd2943849c866f7ae6"
  integrity sha512-9edcH6J3s/Aa3KJITWqFJbyB/8q3mMlA9Fi7z6yy+FAYMnRaxmC7jBhUnsINxVWD14GmqX3DK8uk7nV6/Ekt4A==
  dependencies:
    d3-array "1"

d3-interpolate@^1.2.0, d3-interpolate@^1.4.0:
  version "1.4.0"
  resolved "https://registry.yarnpkg.com/d3-interpolate/-/d3-interpolate-1.4.0.tgz#526e79e2d80daa383f9e0c1c1c7dcc0f0583e987"
  integrity sha512-V9znK0zc3jOPV4VD2zZn0sDhZU3WAE2bmlxdIwwQPPzPjvyLkd8B3JUVdS1IDUFDkWZ72c9qnv1GK2ZagTZ8EA==
  dependencies:
    d3-color "1"

d3-scale@^3.2.1:
  version "3.2.1"
  resolved "https://registry.yarnpkg.com/d3-scale/-/d3-scale-3.2.1.tgz#da1684adce7261b4bc7a76fe193d887f0e909e69"
  integrity sha512-huz5byJO/6MPpz6Q8d4lg7GgSpTjIZW/l+1MQkzKfu2u8P6hjaXaStOpmyrD6ymKoW87d2QVFCKvSjLwjzx/rA==
  dependencies:
    d3-array "1.2.0 - 2"
    d3-format "1"
    d3-interpolate "^1.2.0"
    d3-time "1"
    d3-time-format "2"

d3-time-format@2:
  version "2.2.3"
  resolved "https://registry.yarnpkg.com/d3-time-format/-/d3-time-format-2.2.3.tgz#0c9a12ee28342b2037e5ea1cf0b9eb4dd75f29cb"
  integrity sha512-RAHNnD8+XvC4Zc4d2A56Uw0yJoM7bsvOlJR33bclxq399Rak/b9bhvu/InjxdWhPtkgU53JJcleJTGkNRnN6IA==
  dependencies:
    d3-time "1"

d3-time@1:
  version "1.1.0"
  resolved "https://registry.yarnpkg.com/d3-time/-/d3-time-1.1.0.tgz#b1e19d307dae9c900b7e5b25ffc5dcc249a8a0f1"
  integrity sha512-Xh0isrZ5rPYYdqhAVk8VLnMEidhz5aP7htAADH6MfzgmmicPkTo8LhkLxci61/lCB7n7UmE3bN0leRt+qvkLxA==

data-joint@^1.2.1:
  version "1.2.1"
  resolved "https://registry.yarnpkg.com/data-joint/-/data-joint-1.2.1.tgz#b624ff28bf71388c5a40cc03fdef4d27b12e6bf3"
  integrity sha512-b+PfObWOlt+R/FHd0zADUOyQw1NNGzlTe/e5YhiWtdSF+ytMMIYO/DI2FLYmZZohlvXDdD/ECF3x68YZHi+dTQ==
  dependencies:
    index-array-by "^1.2.6"

datejs@^1.0.0-rc3:
  version "1.0.0-rc3"
  resolved "https://registry.yarnpkg.com/datejs/-/datejs-1.0.0-rc3.tgz#bffa1efedefeb41fdd8a242af55afa01fb58de57"
  integrity sha1-v/oe/t7+tB/diiQq9Vr6AftY3lc=

debounce@^1.2.0:
  version "1.2.0"
  resolved "https://registry.yarnpkg.com/debounce/-/debounce-1.2.0.tgz#44a540abc0ea9943018dc0eaa95cce87f65cd131"
  integrity sha512-mYtLl1xfZLi1m4RtQYlZgJUNQjl4ZxVnHzIR8nLLgi4q1YT8o/WM+MK/f8yfcc9s5Ir5zRaPZyZU6xs1Syoocg==

earcut@^2.2.1:
  version "2.2.2"
  resolved "https://registry.yarnpkg.com/earcut/-/earcut-2.2.2.tgz#41b0bc35f63e0fe80da7cddff28511e7e2e80d11"
  integrity sha512-eZoZPPJcUHnfRZ0PjLvx2qBordSiO8ofC3vt+qACLM95u+4DovnbYNpQtJh0DNsWj8RnxrQytD4WA8gj5cRIaQ==

frame-ticker@^1.0.3:
  version "1.0.3"
  resolved "https://registry.yarnpkg.com/frame-ticker/-/frame-ticker-1.0.3.tgz#2c99d3febb493fd1d3621351cd003189794a1245"
  integrity sha1-LJnT/rtJP9HTYhNRzQAxiXlKEkU=
  dependencies:
    simplesignal "^2.1.6"

h3-js@^3.6.3:
  version "3.6.3"
  resolved "https://registry.yarnpkg.com/h3-js/-/h3-js-3.6.3.tgz#74807ddafc39f2e34688c6fc4cf225248c891c6c"
  integrity sha512-sSfUD4WrqKDoGsGjeY/ih2kbl/HqunGzdAr4NL8Q1qHSAyGMvev3jABbsMvK9wJGmnGuGhIzgxX9kCbUsYcnwg==

human-date@^1.4.0:
  version "1.4.0"
  resolved "https://registry.yarnpkg.com/human-date/-/human-date-1.4.0.tgz#88bb62bd804d00fd12ee2f47dc3c3bbb1e55f99a"
  integrity sha1-iLtivYBNAP0S7i9H3Dw7ux5V+Zo=

index-array-by@^1.2.6, index-array-by@^1.2.7:
  version "1.2.7"
  resolved "https://registry.yarnpkg.com/index-array-by/-/index-array-by-1.2.7.tgz#59a866617fd1fbfed3401f5aca533002dd088a09"
  integrity sha512-wohXZ+tEndHGWTlUZETlxw7BwBAZbePF6X1y2QrTXGTTgJLFSZcNAOXPZtlmgj0/DSSUaL2sdpvv8sEv0tkGkw==

kapsule@^1.12.1:
  version "1.12.1"
  resolved "https://registry.yarnpkg.com/kapsule/-/kapsule-1.12.1.tgz#29b24a9cc1c5a1e5a0ba8a6d74dc6288eaff5ea1"
  integrity sha512-vFbJfsDOU0I96UsRIMUHzI5CbHoy+X8ddzY19Llv7qI+eHX0AAqZVk/WfS6xqwcR4X/glnqLY9zjqAiz+C3vhw==
  dependencies:
    debounce "^1.2.0"

simplesignal@^2.1.6:
  version "2.1.7"
  resolved "https://registry.yarnpkg.com/simplesignal/-/simplesignal-2.1.7.tgz#8e15978b1f8b44d55bd7d7081dc37b7147cf129f"
  integrity sha1-jhWXix+LRNVb19cIHcN7cUfPEp8=

three-conic-polygon-geometry@^1.1.5:
  version "1.1.5"
  resolved "https://registry.yarnpkg.com/three-conic-polygon-geometry/-/three-conic-polygon-geometry-1.1.5.tgz#b2e4e37e287f7184e4f3167c5d3f7385d3a751e7"
  integrity sha512-+3SlVrUNx/pFJ2OtIdfW1sbcAgG8R++a3dN+6yQYV9eog61zZyHQjPInX1acXNIfevGSgAIXhykliL+i9vwskw==
  dependencies:
    earcut "^2.2.1"

three-fatline@^0.2.7:
  version "0.2.7"
  resolved "https://registry.yarnpkg.com/three-fatline/-/three-fatline-0.2.7.tgz#de1a30b79d55188aaea20acc7c95a032877d0c04"
  integrity sha512-57JwPUjaflhbuAZ7sfoZh5dJK6yPtC8R0An8cr5tCd1pyw0gDh4Q02c0QPEiAdHpAylRLhPNPs0Byjfvk7xndw==

three-geojson-geometry@^1.0.5:
  version "1.0.5"
  resolved "https://registry.yarnpkg.com/three-geojson-geometry/-/three-geojson-geometry-1.0.5.tgz#5e6fd2aa17540231ca50da6d8e2904ee6e36f9da"
  integrity sha512-uQF8FKQJ6Zl3Ilpg4TtNMk5+Cfvn7FhGSytGMKHvQLz1jwOtygP+0PyQ2/fkj6a9ekuGIedTLs0Zc29M/XxJsQ==
  dependencies:
    earcut "^2.2.1"

three-globe@^2.5.6:
  version "2.5.6"
  resolved "https://registry.yarnpkg.com/three-globe/-/three-globe-2.5.6.tgz#ac3718d99aca113f78e7b72cff7eb324d736fc93"
  integrity sha512-CM+UPUYJMcm5MmwueP3b/PdOIJTkSmVgrL/e/4AYzJ8AGB9acrH1HvRosgYyTnaHKId7ERItEEVYZMzr1P36jg==
  dependencies:
    "@tweenjs/tween.js" "^18.5.0"
    accessor-fn "^1.2.2"
    d3-geo "^1.11.9"
    d3-interpolate "^1.4.0"
    d3-scale "^3.2.1"
    data-joint "^1.2.1"
    earcut "^2.2.1"
    frame-ticker "^1.0.3"
    h3-js "^3.6.3"
    index-array-by "^1.2.7"
    kapsule "^1.12.1"
    three-conic-polygon-geometry "^1.1.5"
    three-fatline "^0.2.7"
    three-geojson-geometry "^1.0.5"
    three-glow-mesh "^0.1.1"
    tinycolor2 "^1.4.1"

three-glow-mesh@^0.1.1:
  version "0.1.1"
  resolved "https://registry.yarnpkg.com/three-glow-mesh/-/three-glow-mesh-0.1.1.tgz#0accf2ef0c53620beeb9bfeb455a7319b8d54a11"
  integrity sha512-1PfgG0HdDG3XrkrK/OzAeu7Pw8d9cGNfupKIUS93DYCboXAVAl7/5TMNWsHy/h6x47rZwiQYVd04WOfIsKtY7Q==

three@^0.113.2:
  version "0.113.2"
  resolved "https://registry.yarnpkg.com/three/-/three-0.113.2.tgz#04791d491fe4359330f9dbe7b767db18bfb35d67"
  integrity sha512-x3vrKW41/UtbWbWduWKGlfIc043SvHWr3YltehYq+UGb9YglQ2oztNGvl2eut05JtNSmP11Mh3t6Xak5/0e+Fg==

tinycolor2@^1.4.1:
  version "1.4.1"
  resolved "https://registry.yarnpkg.com/tinycolor2/-/tinycolor2-1.4.1.tgz#f4fad333447bc0b07d4dc8e9209d8f39a8ac77e8"
  integrity sha1-9PrTM0R7wLB9TcjpIJ2POaisd+g=
